# THIS IS AN AUTOGENERATED FILE. DO NOT EDIT THIS FILE DIRECTLY.
# yarn lockfile v1


frow@^3.3.2:
  version "3.3.2"
  resolved "https://registry.yarnpkg.com/frow/-/frow-3.3.2.tgz#21695d2bf081c5a75bdb6a446f711e2a66474ea0"
  integrity sha512-ZNsyrCzDuN0bi5Xjx/3BMSyi7l3bJGPyPzZoWP60LtV7WiPeElLI99HgL9d6KygDMkpKWsWWHCOdRV960Q0JjA==
